
Microsoft Visual Studio Solution File, Format Version 12.00
# Visual Studio Version 17
VisualStudioVersion = 17.4.33213.308
MinimumVisualStudioVersion = 10.0.40219.1
Project("{9A19103F-16F7-4668-BE54-9A1E7A4F7556}") = "MijFunction", "MijFunction\MijFunction.csproj", "{18F8F423-CACC-4994-A0C6-2E981E4C760B}"
EndProject
Project("{FAE04EC0-301F-11D3-BF4B-00C04F79EFBC}") = "DuurzameFuncties", "DuurzameFuncties\DuurzameFuncties.csproj", "{DA5C2AC8-97B0-43FB-A980-1ECC3509ED99}"
EndProject
Global
	GlobalSection(SolutionConfigurationPlatforms) = preSolution
		Debug|Any CPU = Debug|Any CPU
		Release|Any CPU = Release|Any CPU
	EndGlobalSection
	GlobalSection(ProjectConfigurationPlatforms) = postSolution
		{18F8F423-CACC-4994-A0C6-2E981E4C760B}.Debug|Any CPU.ActiveCfg = Debug|Any CPU
		{18F8F423-CACC-4994-A0C6-2E981E4C760B}.Debug|Any CPU.Build.0 = Debug|Any CPU
		{18F8F423-CACC-4994-A0C6-2E981E4C760B}.Release|Any CPU.ActiveCfg = Release|Any CPU
		{18F8F423-CACC-4994-A0C6-2E981E4C760B}.Release|Any CPU.Build.0 = Release|Any CPU
		{DA5C2AC8-97B0-43FB-A980-1ECC3509ED99}.Debug|Any CPU.ActiveCfg = Debug|Any CPU
		{DA5C2AC8-97B0-43FB-A980-1ECC3509ED99}.Debug|Any CPU.Build.0 = Debug|Any CPU
		{DA5C2AC8-97B0-43FB-A980-1ECC3509ED99}.Release|Any CPU.ActiveCfg = Release|Any CPU
		{DA5C2AC8-97B0-43FB-A980-1ECC3509ED99}.Release|Any CPU.Build.0 = Release|Any CPU
	EndGlobalSection
	GlobalSection(SolutionProperties) = preSolution
		HideSolutionNode = FALSE
	EndGlobalSection
	GlobalSection(ExtensibilityGlobals) = postSolution
		SolutionGuid = {8416A617-76F5-4ABC-8390-3CC78927162D}
	EndGlobalSection
EndGlobal
